
Microsoft Visual Studio Solution File, Format Version 12.00
# Visual Studio Version 17
VisualStudioVersion = 17.2.32516.85
MinimumVisualStudioVersion = 10.0.40219.1
Project("{9A19103F-16F7-4668-BE54-9A1E7A4F7556}") = "RestoreOverlayIcons", "RestoreOverlayIcons.csproj", "{8BB025AA-9DBA-4C8F-A6C6-F2D50B098E25}"
EndProject
Global
	GlobalSection(SolutionConfigurationPlatforms) = preSolution
		Debug|Any CPU = Debug|Any CPU
		Release|Any CPU = Release|Any CPU
	EndGlobalSection
	GlobalSection(ProjectConfigurationPlatforms) = postSolution
		{8BB025AA-9DBA-4C8F-A6C6-F2D50B098E25}.Debug|Any CPU.ActiveCfg = Debug|Any CPU
		{8BB025AA-9DBA-4C8F-A6C6-F2D50B098E25}.Debug|Any CPU.Build.0 = Debug|Any CPU
		{8BB025AA-9DBA-4C8F-A6C6-F2D50B098E25}.Release|Any CPU.ActiveCfg = Release|Any CPU
		{8BB025AA-9DBA-4C8F-A6C6-F2D50B098E25}.Release|Any CPU.Build.0 = Release|Any CPU
	EndGlobalSection
	GlobalSection(SolutionProperties) = preSolution
		HideSolutionNode = FALSE
	EndGlobalSection
	GlobalSection(ExtensibilityGlobals) = postSolution
		SolutionGuid = {1B26EA8D-81ED-4F79-8B61-00989F5E40C2}
	EndGlobalSection
EndGlobal
